# THIS IS AN AUTOGENERATED FILE. DO NOT EDIT THIS FILE DIRECTLY.
# yarn lockfile v1
amdefine@>=0.0.4:
  version "1.0.0"
  resolved "https://registry.yarnpkg.com/amdefine/-/amdefine-1.0.0.tgz#fd17474700cb5cc9c2b709f0be9d23ce3c198c33"

async@~0.2.6:
  version "0.2.10"
  resolved "https://registry.yarnpkg.com/async/-/async-0.2.10.tgz#b6bbe0b0674b9d719708ca38de8c237cb526c3d1"

balanced-match@^0.4.1:
  version "0.4.2"
  resolved "https://registry.yarnpkg.com/balanced-match/-/balanced-match-0.4.2.tgz#cb3f3e3c732dc0f01ee70b403f302e61d7709838"

body-parser@~1.8.0:
  version "1.8.4"
  resolved "https://registry.yarnpkg.com/body-parser/-/body-parser-1.8.4.tgz#d497e04bc13b3f9a8bd8c70bb0cdc16f2e028898"
  dependencies:
    bytes "1.0.0"
    depd "0.4.5"
    iconv-lite "0.4.4"
    media-typer "0.3.0"
    on-finished "2.1.0"
    qs "2.2.4"
    raw-body "1.3.0"
    type-is "~1.5.1"

brace-expansion@^1.0.0:
  version "1.1.6"
  resolved "https://registry.yarnpkg.com/brace-expansion/-/brace-expansion-1.1.6.tgz#7197d7eaa9b87e648390ea61fc66c84427420df9"
  dependencies:
    balanced-match "^0.4.1"
    concat-map "0.0.1"

broccoli-cli@0.0.1:
  version "0.0.1"
  resolved "https://registry.yarnpkg.com/broccoli-cli/-/broccoli-cli-0.0.1.tgz#578ccbbbac36081741c03d3d38e1295bd43bcebf"
  dependencies:
    resolve "~0.6.1"

broccoli-concat@0.0.13:
  version "0.0.13"
  resolved "https://registry.yarnpkg.com/broccoli-concat/-/broccoli-concat-0.0.13.tgz#b1805c33537adf7dca1b33b6a6516f225a00468f"
  dependencies:
    broccoli-kitchen-sink-helpers "^0.2.4"
    broccoli-writer "^0.1.1"
    glob "^4.3.1"
    js-string-escape "~1.0.0"
    mkdirp "^0.5.0"
    quick-temp "~0.1.2"

broccoli-filter@^0.1.6, broccoli-filter@~0.1.0:
  version "0.1.14"
  resolved "https://registry.yarnpkg.com/broccoli-filter/-/broccoli-filter-0.1.14.tgz#23cae3891ff9ebb7b4d7db00c6dcf03535daf7ad"
  dependencies:
    broccoli-kitchen-sink-helpers "^0.2.6"
    broccoli-writer "^0.1.1"
    mkdirp "^0.3.5"
    promise-map-series "^0.2.1"
    quick-temp "^0.1.2"
    rsvp "^3.0.16"
    symlink-or-copy "^1.0.1"
    walk-sync "^0.1.3"

broccoli-kitchen-sink-helpers@^0.2.0, broccoli-kitchen-sink-helpers@^0.2.4, broccoli-kitchen-sink-helpers@^0.2.5, broccoli-kitchen-sink-helpers@^0.2.6:
  version "0.2.9"
  resolved "https://registry.yarnpkg.com/broccoli-kitchen-sink-helpers/-/broccoli-kitchen-sink-helpers-0.2.9.tgz#a5e0986ed8d76fb5984b68c3f0450d3a96e36ecc"
  dependencies:
    glob "^5.0.10"
    mkdirp "^0.5.1"

broccoli-merge-trees@^0.2.1:
  version "0.2.4"
  resolved "https://registry.yarnpkg.com/broccoli-merge-trees/-/broccoli-merge-trees-0.2.4.tgz#1936f63bb09e24246b1e91d8c53162c0f7b24c3c"
  dependencies:
    broccoli-plugin "^1.0.0"
    debug "^2.2.0"
    symlink-or-copy "^1.0.0"

broccoli-plugin@^1.0.0:
  version "1.2.2"
  resolved "https://registry.yarnpkg.com/broccoli-plugin/-/broccoli-plugin-1.2.2.tgz#0ed4320c20344487d0a2afafb963d52ee5179ab0"
  dependencies:
    promise-map-series "^0.2.1"
    quick-temp "^0.1.3"
    rimraf "^2.3.4"
    symlink-or-copy "^1.0.1"

broccoli-rename-files@0.0.2:
  version "0.0.2"
  resolved "https://registry.yarnpkg.com/broccoli-rename-files/-/broccoli-rename-files-0.0.2.tgz#e60946e2ef0c7cf9ea078cb5c8dab2f76a5a2888"
  dependencies:
    broccoli-filter "^0.1.6"
    copy-dereference "^1.0.0"
    object-assign "^1.0.0"

broccoli-render-template@0.0.3:
  version "0.0.3"
  resolved "https://registry.yarnpkg.com/broccoli-render-template/-/broccoli-render-template-0.0.3.tgz#f8da3ddfc99929674e7562f0b7c86b7b9564ae67"
  dependencies:
    broccoli-filter "~0.1.0"
    consolidate "~0.10.0"
    rsvp "~3.0.6"

broccoli-slow-trees@^1.0.0:
  version "1.1.0"
  resolved "https://registry.yarnpkg.com/broccoli-slow-trees/-/broccoli-slow-trees-1.1.0.tgz#426c5724e008107e4573f73e8a9ca702916b78f7"

broccoli-static-compiler@^0.2.1:
  version "0.2.2"
  resolved "https://registry.yarnpkg.com/broccoli-static-compiler/-/broccoli-static-compiler-0.2.2.tgz#72c48423dbac9e41ca54808ab1f95c5af5d4a39b"
  dependencies:
    broccoli-kitchen-sink-helpers "^0.2.5"
    broccoli-writer "^0.1.1"
    mkdirp "^0.5.0"
    symlink-or-copy "^1.0.0"

broccoli-template@^0.1.1:
  version "0.1.1"
  resolved "https://registry.yarnpkg.com/broccoli-template/-/broccoli-template-0.1.1.tgz#b3adddd31cd4790a254c8248190aecb7d1e813c2"
  dependencies:
    broccoli-filter "^0.1.6"
    js-string-escape "^1.0.0"

broccoli-writer@^0.1.1:
  version "0.1.1"
  resolved "https://registry.yarnpkg.com/broccoli-writer/-/broccoli-writer-0.1.1.tgz#d4d71aa8f2afbc67a3866b91a2da79084b96ab2d"
  dependencies:
    quick-temp "^0.1.0"
    rsvp "^3.0.6"

broccoli@^0.13.3:
  version "0.13.6"
  resolved "https://registry.yarnpkg.com/broccoli/-/broccoli-0.13.6.tgz#d0dc03153954e53f1bb8f4b2c91ebebc9c84e329"
  dependencies:
    broccoli-kitchen-sink-helpers "^0.2.0"
    broccoli-slow-trees "^1.0.0"
    commander "^2.0.0"
    connect "^3.2.0"
    copy-dereference "^1.0.0"
    findup-sync "^0.1.2"
    handlebars "^2.0.0"
    mime "^1.2.11"
    promise-map-series "^0.2.0"
    rsvp "^3.0.6"
    tiny-lr "^0.1.4"

bytes@1, bytes@1.0.0:
  version "1.0.0"
  resolved "https://registry.yarnpkg.com/bytes/-/bytes-1.0.0.tgz#3569ede8ba34315fab99c3e92cb04c7220de1fa8"

commander@^2.0.0:
  version "2.9.0"
  resolved "https://registry.yarnpkg.com/commander/-/commander-2.9.0.tgz#9c99094176e12240cb22d6c5146098400fe0f7d4"
  dependencies:
    graceful-readlink ">= 1.0.0"

concat-map@0.0.1:
  version "0.0.1"
  resolved "https://registry.yarnpkg.com/concat-map/-/concat-map-0.0.1.tgz#d8a96bd77fd68df7793a73036a3ba0d5405d477b"

connect@^3.2.0:
  version "3.5.0"
  resolved "https://registry.yarnpkg.com/connect/-/connect-3.5.0.tgz#b357525a0b4c1f50599cd983e1d9efeea9677198"
  dependencies:
    debug "~2.2.0"
    finalhandler "0.5.0"
    parseurl "~1.3.1"
    utils-merge "1.0.0"

consolidate@~0.10.0:
  version "0.10.0"
  resolved "https://registry.yarnpkg.com/consolidate/-/consolidate-0.10.0.tgz#81f1a6ceba1247df9cef7a261ce527c2ce538f7a"

copy-dereference@^1.0.0:
  version "1.0.0"
  resolved "https://registry.yarnpkg.com/copy-dereference/-/copy-dereference-1.0.0.tgz#6b131865420fd81b413ba994b44d3655311152b6"

debug@^2.2.0, debug@~2.2.0:
  version "2.2.0"
  resolved "https://registry.yarnpkg.com/debug/-/debug-2.2.0.tgz#f87057e995b1a1f6ae6a4960664137bc56f039da"
  dependencies:
    ms "0.7.1"

debug@~2.0.0:
  version "2.0.0"
  resolved "https://registry.yarnpkg.com/debug/-/debug-2.0.0.tgz#89bd9df6732b51256bc6705342bba02ed12131ef"
  dependencies:
    ms "0.6.2"

depd@0.4.5:
  version "0.4.5"
  resolved "https://registry.yarnpkg.com/depd/-/depd-0.4.5.tgz#1a664b53388b4a6573e8ae67b5f767c693ca97f1"

ee-first@1.0.5:
  version "1.0.5"
  resolved "https://registry.yarnpkg.com/ee-first/-/ee-first-1.0.5.tgz#8c9b212898d8cd9f1a9436650ce7be202c9e9ff0"

ee-first@1.1.1:
  version "1.1.1"
  resolved "https://registry.yarnpkg.com/ee-first/-/ee-first-1.1.1.tgz#590c61156b0ae2f4f0255732a158b266bc56b21d"

escape-html@~1.0.3:
  version "1.0.3"
  resolved "https://registry.yarnpkg.com/escape-html/-/escape-html-1.0.3.tgz#0258eae4d3d0c0974de1c169188ef0051d1d1988"

faye-websocket@~0.7.2:
  version "0.7.3"
  resolved "https://registry.yarnpkg.com/faye-websocket/-/faye-websocket-0.7.3.tgz#cc4074c7f4a4dfd03af54dd65c354b135132ce11"
  dependencies:
    websocket-driver ">=0.3.6"

finalhandler@0.5.0:
  version "0.5.0"
  resolved "https://registry.yarnpkg.com/finalhandler/-/finalhandler-0.5.0.tgz#e9508abece9b6dba871a6942a1d7911b91911ac7"
  dependencies:
    debug "~2.2.0"
    escape-html "~1.0.3"
    on-finished "~2.3.0"
    statuses "~1.3.0"
    unpipe "~1.0.0"

findup-sync@^0.1.2:
  version "0.1.3"
  resolved "https://registry.yarnpkg.com/findup-sync/-/findup-sync-0.1.3.tgz#7f3e7a97b82392c653bf06589bd85190e93c3683"
  dependencies:
    glob "~3.2.9"
    lodash "~2.4.1"

fs.realpath@^1.0.0:
  version "1.0.0"
  resolved "https://registry.yarnpkg.com/fs.realpath/-/fs.realpath-1.0.0.tgz#1504ad2523158caa40db4a2787cb01411994ea4f"

glob@^4.3.1:
  version "4.5.3"
  resolved "https://registry.yarnpkg.com/glob/-/glob-4.5.3.tgz#c6cb73d3226c1efef04de3c56d012f03377ee15f"
  dependencies:
    inflight "^1.0.4"
    inherits "2"
    minimatch "^2.0.1"
    once "^1.3.0"

glob@^5.0.10:
  version "5.0.15"
  resolved "https://registry.yarnpkg.com/glob/-/glob-5.0.15.tgz#1bc936b9e02f4a603fcc222ecf7633d30b8b93b1"
  dependencies:
    inflight "^1.0.4"
    inherits "2"
    minimatch "2 || 3"
    once "^1.3.0"
    path-is-absolute "^1.0.0"

glob@^7.0.5:
  version "7.1.1"
  resolved "https://registry.yarnpkg.com/glob/-/glob-7.1.1.tgz#805211df04faaf1c63a3600306cdf5ade50b2ec8"
  dependencies:
    fs.realpath "^1.0.0"
    inflight "^1.0.4"
    inherits "2"
    minimatch "^3.0.2"
    once "^1.3.0"
    path-is-absolute "^1.0.0"

glob@~3.2.9:
  version "3.2.11"
  resolved "https://registry.yarnpkg.com/glob/-/glob-3.2.11.tgz#4a973f635b9190f715d10987d5c00fd2815ebe3d"
  dependencies:
    inherits "2"
    minimatch "0.3"

"graceful-readlink@>= 1.0.0":
  version "1.0.1"
  resolved "https://registry.yarnpkg.com/graceful-readlink/-/graceful-readlink-1.0.1.tgz#4cafad76bc62f02fa039b2f94e9a3dd3a391a725"

hamljs@^0.6.2:
  version "0.6.2"
  resolved "https://registry.yarnpkg.com/hamljs/-/hamljs-0.6.2.tgz#7b7116cf6dbe7278e42b3f6ef8725a33e177c8e3"

handlebars@^2.0.0:
  version "2.0.0"
  resolved "https://registry.yarnpkg.com/handlebars/-/handlebars-2.0.0.tgz#6e9d7f8514a3467fa5e9f82cc158ecfc1d5ac76f"
  dependencies:
    optimist "~0.3"
  optionalDependencies:
    uglify-js "~2.3"

iconv-lite@0.4.4:
  version "0.4.4"
  resolved "https://registry.yarnpkg.com/iconv-lite/-/iconv-lite-0.4.4.tgz#e95f2e41db0735fc21652f7827a5ee32e63c83a8"

inflight@^1.0.4:
  version "1.0.6"
  resolved "https://registry.yarnpkg.com/inflight/-/inflight-1.0.6.tgz#49bd6331d7d02d0c09bc910a1075ba8165b56df9"
  dependencies:
    once "^1.3.0"
    wrappy "1"

inherits@2:
  version "2.0.3"
  resolved "https://registry.yarnpkg.com/inherits/-/inherits-2.0.3.tgz#633c2c83e3da42a502f52466022480f4208261de"

js-string-escape@^1.0.0, js-string-escape@~1.0.0:
  version "1.0.1"
  resolved "https://registry.yarnpkg.com/js-string-escape/-/js-string-escape-1.0.1.tgz#e2625badbc0d67c7533e9edc1068c587ae4137ef"

livereload-js@^2.2.0:
  version "2.2.2"
  resolved "https://registry.yarnpkg.com/livereload-js/-/livereload-js-2.2.2.tgz#6c87257e648ab475bc24ea257457edcc1f8d0bc2"

lodash@~2.4.1:
  version "2.4.2"
  resolved "https://registry.yarnpkg.com/lodash/-/lodash-2.4.2.tgz#fadd834b9683073da179b3eae6d9c0d15053f73e"

lru-cache@2:
  version "2.7.3"
  resolved "https://registry.yarnpkg.com/lru-cache/-/lru-cache-2.7.3.tgz#6d4524e8b955f95d4f5b58851ce21dd72fb4e952"

media-typer@0.3.0:
  version "0.3.0"
  resolved "https://registry.yarnpkg.com/media-typer/-/media-typer-0.3.0.tgz#8710d7af0aa626f8fffa1ce00168545263255748"

mime-db@~1.12.0:
  version "1.12.0"
  resolved "https://registry.yarnpkg.com/mime-db/-/mime-db-1.12.0.tgz#3d0c63180f458eb10d325aaa37d7c58ae312e9d7"

mime-types@~2.0.9:
  version "2.0.14"
  resolved "https://registry.yarnpkg.com/mime-types/-/mime-types-2.0.14.tgz#310e159db23e077f8bb22b748dabfa4957140aa6"
  dependencies:
    mime-db "~1.12.0"

mime@^1.2.11:
  version "1.3.4"
  resolved "https://registry.yarnpkg.com/mime/-/mime-1.3.4.tgz#115f9e3b6b3daf2959983cb38f149a2d40eb5d53"

minimatch@^2.0.1:
  version "2.0.10"
  resolved "https://registry.yarnpkg.com/minimatch/-/minimatch-2.0.10.tgz#8d087c39c6b38c001b97fca7ce6d0e1e80afbac7"
  dependencies:
    brace-expansion "^1.0.0"

minimatch@^3.0.2, "minimatch@2 || 3":
  version "3.0.3"
  resolved "https://registry.yarnpkg.com/minimatch/-/minimatch-3.0.3.tgz#2a4e4090b96b2db06a9d7df01055a62a77c9b774"
  dependencies:
    brace-expansion "^1.0.0"

minimatch@0.3:
  version "0.3.0"
  resolved "https://registry.yarnpkg.com/minimatch/-/minimatch-0.3.0.tgz#275d8edaac4f1bb3326472089e7949c8394699dd"
  dependencies:
    lru-cache "2"
    sigmund "~1.0.0"

minimist@0.0.8:
  version "0.0.8"
  resolved "https://registry.yarnpkg.com/minimist/-/minimist-0.0.8.tgz#857fcabfc3397d2625b8228262e86aa7a011b05d"

mkdirp@^0.3.5:
  version "0.3.5"
  resolved "https://registry.yarnpkg.com/mkdirp/-/mkdirp-0.3.5.tgz#de3e5f8961c88c787ee1368df849ac4413eca8d7"

mkdirp@^0.5.0, mkdirp@^0.5.1:
  version "0.5.1"
  resolved "https://registry.yarnpkg.com/mkdirp/-/mkdirp-0.5.1.tgz#30057438eac6cf7f8c4767f38648d6697d75c903"
  dependencies:
    minimist "0.0.8"

mktemp@~0.4.0:
  version "0.4.0"
  resolved "https://registry.yarnpkg.com/mktemp/-/mktemp-0.4.0.tgz#6d0515611c8a8c84e484aa2000129b98e981ff0b"

ms@0.6.2:
  version "0.6.2"
  resolved "https://registry.yarnpkg.com/ms/-/ms-0.6.2.tgz#d89c2124c6fdc1353d65a8b77bf1aac4b193708c"

ms@0.7.1:
  version "0.7.1"
  resolved "https://registry.yarnpkg.com/ms/-/ms-0.7.1.tgz#9cd13c03adbff25b65effde7ce864ee952017098"

object-assign@^1.0.0:
  version "1.0.0"
  resolved "https://registry.yarnpkg.com/object-assign/-/object-assign-1.0.0.tgz#e65dc8766d3b47b4b8307465c8311da030b070a6"

on-finished@~2.3.0:
  version "2.3.0"
  resolved "https://registry.yarnpkg.com/on-finished/-/on-finished-2.3.0.tgz#20f1336481b083cd75337992a16971aa2d906947"
  dependencies:
    ee-first "1.1.1"

on-finished@2.1.0:
  version "2.1.0"
  resolved "https://registry.yarnpkg.com/on-finished/-/on-finished-2.1.0.tgz#0c539f09291e8ffadde0c8a25850fb2cedc7022d"
  dependencies:
    ee-first "1.0.5"

once@^1.3.0:
  version "1.4.0"
  resolved "https://registry.yarnpkg.com/once/-/once-1.4.0.tgz#583b1aa775961d4b113ac17d9c50baef9dd76bd1"
  dependencies:
    wrappy "1"

optimist@~0.3, optimist@~0.3.5:
  version "0.3.7"
  resolved "https://registry.yarnpkg.com/optimist/-/optimist-0.3.7.tgz#c90941ad59e4273328923074d2cf2e7cbc6ec0d9"
  dependencies:
    wordwrap "~0.0.2"

parseurl@~1.3.0, parseurl@~1.3.1:
  version "1.3.1"
  resolved "https://registry.yarnpkg.com/parseurl/-/parseurl-1.3.1.tgz#c8ab8c9223ba34888aa64a297b28853bec18da56"

path-is-absolute@^1.0.0:
  version "1.0.1"
  resolved "https://registry.yarnpkg.com/path-is-absolute/-/path-is-absolute-1.0.1.tgz#174b9268735534ffbc7ace6bf53a5a9e1b5c5f5f"

promise-map-series@^0.2.0, promise-map-series@^0.2.1:
  version "0.2.3"
  resolved "https://registry.yarnpkg.com/promise-map-series/-/promise-map-series-0.2.3.tgz#c2d377afc93253f6bd03dbb77755eb88ab20a847"
  dependencies:
    rsvp "^3.0.14"

qs@~2.2.3:
  version "2.2.5"
  resolved "https://registry.yarnpkg.com/qs/-/qs-2.2.5.tgz#1088abaf9dcc0ae5ae45b709e6c6b5888b23923c"

qs@2.2.4:
  version "2.2.4"
  resolved "https://registry.yarnpkg.com/qs/-/qs-2.2.4.tgz#2e9fbcd34b540e3421c924ecd01e90aa975319c8"

quick-temp@^0.1.0, quick-temp@^0.1.2, quick-temp@^0.1.3, quick-temp@~0.1.2:
  version "0.1.6"
  resolved "https://registry.yarnpkg.com/quick-temp/-/quick-temp-0.1.6.tgz#a6242a15cba9f9cdbd341287b5c569e318eec307"
  dependencies:
    mktemp "~0.4.0"
    rimraf "~2.2.6"
    underscore.string "~2.3.3"

raw-body@1.3.0:
  version "1.3.0"
  resolved "https://registry.yarnpkg.com/raw-body/-/raw-body-1.3.0.tgz#978230a156a5548f42eef14de22d0f4f610083d1"
  dependencies:
    bytes "1"
    iconv-lite "0.4.4"

resolve@~0.6.1:
  version "0.6.3"
  resolved "https://registry.yarnpkg.com/resolve/-/resolve-0.6.3.tgz#dd957982e7e736debdf53b58a4dd91754575dd46"

rimraf@^2.3.4:
  version "2.5.4"
  resolved "https://registry.yarnpkg.com/rimraf/-/rimraf-2.5.4.tgz#96800093cbf1a0c86bd95b4625467535c29dfa04"
  dependencies:
    glob "^7.0.5"

rimraf@~2.2.6:
  version "2.2.8"
  resolved "https://registry.yarnpkg.com/rimraf/-/rimraf-2.2.8.tgz#e439be2aaee327321952730f99a8929e4fc50582"

rsvp@^3.0.14, rsvp@^3.0.16, rsvp@^3.0.6:
  version "3.3.3"
  resolved "https://registry.yarnpkg.com/rsvp/-/rsvp-3.3.3.tgz#34633caaf8bc66ceff4be3c2e1dffd032538a813"

rsvp@~3.0.6:
  version "3.0.21"
  resolved "https://registry.yarnpkg.com/rsvp/-/rsvp-3.0.21.tgz#49c588fe18ef293bcd0ab9f4e6756e6ac433359f"

sigmund@~1.0.0:
  version "1.0.1"
  resolved "https://registry.yarnpkg.com/sigmund/-/sigmund-1.0.1.tgz#3ff21f198cad2175f9f3b781853fd94d0d19b590"

source-map@~0.1.7:
  version "0.1.43"
  resolved "https://registry.yarnpkg.com/source-map/-/source-map-0.1.43.tgz#c24bc146ca517c1471f5dacbe2571b2b7f9e3346"
  dependencies:
    amdefine ">=0.0.4"

statuses@~1.3.0:
  version "1.3.0"
  resolved "https://registry.yarnpkg.com/statuses/-/statuses-1.3.0.tgz#8e55758cb20e7682c1f4fce8dcab30bf01d1e07a"

symlink-or-copy@^1.0.0, symlink-or-copy@^1.0.1:
  version "1.1.6"
  resolved "https://registry.yarnpkg.com/symlink-or-copy/-/symlink-or-copy-1.1.6.tgz#b5f6e8e00616210f64e6b3fa114ea0208e268f78"

tiny-lr@^0.1.4:
  version "0.1.7"
  resolved "https://registry.yarnpkg.com/tiny-lr/-/tiny-lr-0.1.7.tgz#be024d09f1ebb22e2749834c60ea17b385234175"
  dependencies:
    body-parser "~1.8.0"
    debug "~2.0.0"
    faye-websocket "~0.7.2"
    livereload-js "^2.2.0"
    parseurl "~1.3.0"
    qs "~2.2.3"

type-is@~1.5.1:
  version "1.5.7"
  resolved "https://registry.yarnpkg.com/type-is/-/type-is-1.5.7.tgz#b9368a593cc6ef7d0645e78b2f4c64cbecd05e90"
  dependencies:
    media-typer "0.3.0"
    mime-types "~2.0.9"

uglify-js@~2.3:
  version "2.3.6"
  resolved "https://registry.yarnpkg.com/uglify-js/-/uglify-js-2.3.6.tgz#fa0984770b428b7a9b2a8058f46355d14fef211a"
  dependencies:
    async "~0.2.6"
    optimist "~0.3.5"
    source-map "~0.1.7"

underscore.string@~2.3.3:
  version "2.3.3"
  resolved "https://registry.yarnpkg.com/underscore.string/-/underscore.string-2.3.3.tgz#71c08bf6b428b1133f37e78fa3a21c82f7329b0d"

unpipe@~1.0.0:
  version "1.0.0"
  resolved "https://registry.yarnpkg.com/unpipe/-/unpipe-1.0.0.tgz#b2bf4ee8514aae6165b4817829d21b2ef49904ec"

utils-merge@1.0.0:
  version "1.0.0"
  resolved "https://registry.yarnpkg.com/utils-merge/-/utils-merge-1.0.0.tgz#0294fb922bb9375153541c4f7096231f287c8af8"

walk-sync@^0.1.3:
  version "0.1.3"
  resolved "https://registry.yarnpkg.com/walk-sync/-/walk-sync-0.1.3.tgz#8a07261a00bda6cfb1be25e9f100fad57546f583"

websocket-driver@>=0.3.6:
  version "0.6.5"
  resolved "https://registry.yarnpkg.com/websocket-driver/-/websocket-driver-0.6.5.tgz#5cb2556ceb85f4373c6d8238aa691c8454e13a36"
  dependencies:
    websocket-extensions ">=0.1.1"

websocket-extensions@>=0.1.1:
  version "0.1.1"
  resolved "https://registry.yarnpkg.com/websocket-extensions/-/websocket-extensions-0.1.1.tgz#76899499c184b6ef754377c2dbb0cd6cb55d29e7"

wordwrap@~0.0.2:
  version "0.0.3"
  resolved "https://registry.yarnpkg.com/wordwrap/-/wordwrap-0.0.3.tgz#a3d5da6cd5c0bc0008d37234bbaf1bed63059107"

wrappy@1:
  version "1.0.2"
  resolved "https://registry.yarnpkg.com/wrappy/-/wrappy-1.0.2.tgz#b5243d8f3ec1aa35f1364605bc0d1036e30ab69f"

